lockfileVersion: '6.0'

settings:
  autoInstallPeers: true
  excludeLinksFromLockfile: false

importers:

  .: {}

  apps/app-cjs:
    dependencies:
      package-cjs:
        specifier: workspace:^
        version: link:../../packages/pckage-cjs

  apps/app-esm:
    dependencies:
      package-esm:
        specifier: workspace:^
        version: link:../../packages/pckage-esm

  packages/pckage-cjs: {}

  packages/pckage-esm: {}
